
Microsoft Visual Studio Solution File, Format Version 12.00
# Visual Studio Version 17
VisualStudioVersion = 17.13.35825.156 d17.13
MinimumVisualStudioVersion = 10.0.40219.1
Project("{FAE04EC0-301F-11D3-BF4B-00C04F79EFBC}") = "Financeiro", "Financeiro\Financeiro.csproj", "{742D1094-8A31-41C8-B5EA-1E4AD3F85B99}"
EndProject
Project("{FAE04EC0-301F-11D3-BF4B-00C04F79EFBC}") = "TesteFinanceiro", "TesteFinanceiro\TesteFinanceiro.csproj", "{302E3F62-2E14-4A0D-82A5-DCA2D9E0F971}"
EndProject
Global
	GlobalSection(SolutionConfigurationPlatforms) = preSolution
		Debug|Any CPU = Debug|Any CPU
		Release|Any CPU = Release|Any CPU
	EndGlobalSection
	GlobalSection(ProjectConfigurationPlatforms) = postSolution
		{742D1094-8A31-41C8-B5EA-1E4AD3F85B99}.Debug|Any CPU.ActiveCfg = Debug|Any CPU
		{742D1094-8A31-41C8-B5EA-1E4AD3F85B99}.Debug|Any CPU.Build.0 = Debug|Any CPU
		{742D1094-8A31-41C8-B5EA-1E4AD3F85B99}.Release|Any CPU.ActiveCfg = Release|Any CPU
		{742D1094-8A31-41C8-B5EA-1E4AD3F85B99}.Release|Any CPU.Build.0 = Release|Any CPU
		{302E3F62-2E14-4A0D-82A5-DCA2D9E0F971}.Debug|Any CPU.ActiveCfg = Debug|Any CPU
		{302E3F62-2E14-4A0D-82A5-DCA2D9E0F971}.Debug|Any CPU.Build.0 = Debug|Any CPU
		{302E3F62-2E14-4A0D-82A5-DCA2D9E0F971}.Release|Any CPU.ActiveCfg = Release|Any CPU
		{302E3F62-2E14-4A0D-82A5-DCA2D9E0F971}.Release|Any CPU.Build.0 = Release|Any CPU
	EndGlobalSection
	GlobalSection(SolutionProperties) = preSolution
		HideSolutionNode = FALSE
	EndGlobalSection
	GlobalSection(ExtensibilityGlobals) = postSolution
		SolutionGuid = {D7E751FA-A2E4-4309-803B-6DFAFC236959}
	EndGlobalSection
EndGlobal
